// !$*UTF8*$!
{
	archiveVersion = 1;
	classes = {
	};
	objectVersion = 46;
	objects = {

/* Begin PBXBuildFile section */
		17A61FA21F55F2CF007DD398 /* 87035_1332467-lq.mp3 in Resources */ = {isa = PBXBuildFile; fileRef = 17A61F9C1F55F2CF007DD398 /* 87035_1332467-lq.mp3 */; };
		17A61FA31F55F2CF007DD398 /* 123094_103319-lq.mp3 in Resources */ = {isa = PBXBuildFile; fileRef = 17A61F9D1F55F2CF007DD398 /* 123094_103319-lq.mp3 */; };
		17A61FA41F55F2CF007DD398 /* 123096_103319-lq.mp3 in Resources */ = {isa = PBXBuildFile; fileRef = 17A61F9E1F55F2CF007DD398 /* 123096_103319-lq.mp3 */; };
		17A61FA51F55F2CF007DD398 /* 123104_103319-lq.mp3 in Resources */ = {isa = PBXBuildFile; fileRef = 17A61F9F1F55F2CF007DD398 /* 123104_103319-lq.mp3 */; };
		17A61FA61F55F2CF007DD398 /* 123108_103319-lq.mp3 in Resources */ = {isa = PBXBuildFile; fileRef = 17A61FA01F55F2CF007DD398 /* 123108_103319-lq.mp3 */; };
		17A61FA71F55F2CF007DD398 /* 123111_103319-lq.mp3 in Resources */ = {isa = PBXBuildFile; fileRef = 17A61FA11F55F2CF007DD398 /* 123111_103319-lq.mp3 */; };
		17A61FF91F55F46D007DD398 /* TPOscilloscopeLayer.m in Sources */ = {isa = PBXBuildFile; fileRef = 17A61FF81F55F46D007DD398 /* TPOscilloscopeLayer.m */; };
		17A61FFC1F55F5B0007DD398 /* CellData.m in Sources */ = {isa = PBXBuildFile; fileRef = 17A61FFB1F55F5B0007DD398 /* CellData.m */; };
		17A620301F55FB54007DD398 /* Strings (Middle).caf in Resources */ = {isa = PBXBuildFile; fileRef = 17A6201F1F55FB54007DD398 /* Strings (Middle).caf */; };
		17A620311F55FB54007DD398 /* Finger Snaps, Vocal Bits.caf in Resources */ = {isa = PBXBuildFile; fileRef = 17A620201F55FB54007DD398 /* Finger Snaps, Vocal Bits.caf */; };
		17A620321F55FB54007DD398 /* Vibes.caf in Resources */ = {isa = PBXBuildFile; fileRef = 17A620211F55FB54007DD398 /* Vibes.caf */; };
		17A620331F55FB54007DD398 /* Piano.caf in Resources */ = {isa = PBXBuildFile; fileRef = 17A620221F55FB54007DD398 /* Piano.caf */; };
		17A620341F55FB54007DD398 /* Lead Vocals 1.caf in Resources */ = {isa = PBXBuildFile; fileRef = 17A620231F55FB54007DD398 /* Lead Vocals 1.caf */; };
		17A620351F55FB54007DD398 /* Lead Vocals 2.caf in Resources */ = {isa = PBXBuildFile; fileRef = 17A620241F55FB54007DD398 /* Lead Vocals 2.caf */; };
		17A620361F55FB54007DD398 /* Background Vocals.caf in Resources */ = {isa = PBXBuildFile; fileRef = 17A620251F55FB54007DD398 /* Background Vocals.caf */; };
		17A620371F55FB54007DD398 /* Saxophone.caf in Resources */ = {isa = PBXBuildFile; fileRef = 17A620261F55FB54007DD398 /* Saxophone.caf */; };
		17A620381F55FB54007DD398 /* Strings (Right Channel).caf in Resources */ = {isa = PBXBuildFile; fileRef = 17A620271F55FB54007DD398 /* Strings (Right Channel).caf */; };
		17A620391F55FB54007DD398 /* Drum Kit 2.caf in Resources */ = {isa = PBXBuildFile; fileRef = 17A620281F55FB54007DD398 /* Drum Kit 2.caf */; };
		17A6203A1F55FB54007DD398 /* Strings (Left Channel).caf in Resources */ = {isa = PBXBuildFile; fileRef = 17A620291F55FB54007DD398 /* Strings (Left Channel).caf */; };
		17A6203B1F55FB54007DD398 /* Drum Kit 1.caf in Resources */ = {isa = PBXBuildFile; fileRef = 17A6202A1F55FB54007DD398 /* Drum Kit 1.caf */; };
		17A6203C1F55FB54007DD398 /* text.txt in Resources */ = {isa = PBXBuildFile; fileRef = 17A6202B1F55FB54007DD398 /* text.txt */; };
		17A6203D1F55FB54007DD398 /* Percussion.caf in Resources */ = {isa = PBXBuildFile; fileRef = 17A6202C1F55FB54007DD398 /* Percussion.caf */; };
		17A6203E1F55FB54007DD398 /* Bass.caf in Resources */ = {isa = PBXBuildFile; fileRef = 17A6202D1F55FB54007DD398 /* Bass.caf */; };
		17A6203F1F55FB54007DD398 /* Guitar 1.caf in Resources */ = {isa = PBXBuildFile; fileRef = 17A6202E1F55FB54007DD398 /* Guitar 1.caf */; };
		17A620401F55FB54007DD398 /* Guitar 2.caf in Resources */ = {isa = PBXBuildFile; fileRef = 17A6202F1F55FB54007DD398 /* Guitar 2.caf */; };
		3DDECA7008CA437064E2FDA4 /* libPods-AudioEffectDemo.a in Frameworks */ = {isa = PBXBuildFile; fileRef = 83EE77E4809CAFCC42793887 /* libPods-AudioEffectDemo.a */; };
		E868644F1D75B5E400DE35C6 /* main.m in Sources */ = {isa = PBXBuildFile; fileRef = E868644E1D75B5E400DE35C6 /* main.m */; };
		E86864521D75B5E400DE35C6 /* AppDelegate.m in Sources */ = {isa = PBXBuildFile; fileRef = E86864511D75B5E400DE35C6 /* AppDelegate.m */; };
		E86864551D75B5E400DE35C6 /* ViewController.m in Sources */ = {isa = PBXBuildFile; fileRef = E86864541D75B5E400DE35C6 /* ViewController.m */; };
		E868645A1D75B5E400DE35C6 /* Assets.xcassets in Resources */ = {isa = PBXBuildFile; fileRef = E86864591D75B5E400DE35C6 /* Assets.xcassets */; };
		E868645D1D75B5E400DE35C6 /* LaunchScreen.storyboard in Resources */ = {isa = PBXBuildFile; fileRef = E868645B1D75B5E400DE35C6 /* LaunchScreen.storyboard */; };
/* End PBXBuildFile section */

/* Begin PBXFileReference section */
		17A61F9C1F55F2CF007DD398 /* 87035_1332467-lq.mp3 */ = {isa = PBXFileReference; lastKnownFileType = audio.mp3; path = "87035_1332467-lq.mp3"; sourceTree = "<group>"; };
		17A61F9D1F55F2CF007DD398 /* 123094_103319-lq.mp3 */ = {isa = PBXFileReference; lastKnownFileType = audio.mp3; path = "123094_103319-lq.mp3"; sourceTree = "<group>"; };
		17A61F9E1F55F2CF007DD398 /* 123096_103319-lq.mp3 */ = {isa = PBXFileReference; lastKnownFileType = audio.mp3; path = "123096_103319-lq.mp3"; sourceTree = "<group>"; };
		17A61F9F1F55F2CF007DD398 /* 123104_103319-lq.mp3 */ = {isa = PBXFileReference; lastKnownFileType = audio.mp3; path = "123104_103319-lq.mp3"; sourceTree = "<group>"; };
		17A61FA01F55F2CF007DD398 /* 123108_103319-lq.mp3 */ = {isa = PBXFileReference; lastKnownFileType = audio.mp3; path = "123108_103319-lq.mp3"; sourceTree = "<group>"; };
		17A61FA11F55F2CF007DD398 /* 123111_103319-lq.mp3 */ = {isa = PBXFileReference; lastKnownFileType = audio.mp3; path = "123111_103319-lq.mp3"; sourceTree = "<group>"; };
		17A61FF71F55F46D007DD398 /* TPOscilloscopeLayer.h */ = {isa = PBXFileReference; fileEncoding = 4; lastKnownFileType = sourcecode.c.h; path = TPOscilloscopeLayer.h; sourceTree = "<group>"; };
		17A61FF81F55F46D007DD398 /* TPOscilloscopeLayer.m */ = {isa = PBXFileReference; fileEncoding = 4; lastKnownFileType = sourcecode.c.objc; path = TPOscilloscopeLayer.m; sourceTree = "<group>"; };
		17A61FFA1F55F5B0007DD398 /* CellData.h */ = {isa = PBXFileReference; fileEncoding = 4; lastKnownFileType = sourcecode.c.h; path = CellData.h; sourceTree = "<group>"; };
		17A61FFB1F55F5B0007DD398 /* CellData.m */ = {isa = PBXFileReference; fileEncoding = 4; lastKnownFileType = sourcecode.c.objc; path = CellData.m; sourceTree = "<group>"; };
		17A6201F1F55FB54007DD398 /* Strings (Middle).caf */ = {isa = PBXFileReference; lastKnownFileType = file; path = "Strings (Middle).caf"; sourceTree = "<group>"; };
		17A620201F55FB54007DD398 /* Finger Snaps, Vocal Bits.caf */ = {isa = PBXFileReference; lastKnownFileType = file; path = "Finger Snaps, Vocal Bits.caf"; sourceTree = "<group>"; };
		17A620211F55FB54007DD398 /* Vibes.caf */ = {isa = PBXFileReference; lastKnownFileType = file; path = Vibes.caf; sourceTree = "<group>"; };
		17A620221F55FB54007DD398 /* Piano.caf */ = {isa = PBXFileReference; lastKnownFileType = file; path = Piano.caf; sourceTree = "<group>"; };
		17A620231F55FB54007DD398 /* Lead Vocals 1.caf */ = {isa = PBXFileReference; lastKnownFileType = file; path = "Lead Vocals 1.caf"; sourceTree = "<group>"; };
		17A620241F55FB54007DD398 /* Lead Vocals 2.caf */ = {isa = PBXFileReference; lastKnownFileType = file; path = "Lead Vocals 2.caf"; sourceTree = "<group>"; };
		17A620251F55FB54007DD398 /* Background Vocals.caf */ = {isa = PBXFileReference; lastKnownFileType = file; path = "Background Vocals.caf"; sourceTree = "<group>"; };
		17A620261F55FB54007DD398 /* Saxophone.caf */ = {isa = PBXFileReference; lastKnownFileType = file; path = Saxophone.caf; sourceTree = "<group>"; };
		17A620271F55FB54007DD398 /* Strings (Right Channel).caf */ = {isa = PBXFileReference; lastKnownFileType = file; path = "Strings (Right Channel).caf"; sourceTree = "<group>"; };
		17A620281F55FB54007DD398 /* Drum Kit 2.caf */ = {isa = PBXFileReference; lastKnownFileType = file; path = "Drum Kit 2.caf"; sourceTree = "<group>"; };
		17A620291F55FB54007DD398 /* Strings (Left Channel).caf */ = {isa = PBXFileReference; lastKnownFileType = file; path = "Strings (Left Channel).caf"; sourceTree = "<group>"; };
		17A6202A1F55FB54007DD398 /* Drum Kit 1.caf */ = {isa = PBXFileReference; lastKnownFileType = file; path = "Drum Kit 1.caf"; sourceTree = "<group>"; };
		17A6202B1F55FB54007DD398 /* text.txt */ = {isa = PBXFileReference; fileEncoding = 4; lastKnownFileType = text; path = text.txt; sourceTree = "<group>"; };
		17A6202C1F55FB54007DD398 /* Percussion.caf */ = {isa = PBXFileReference; lastKnownFileType = file; path = Percussion.caf; sourceTree = "<group>"; };
		17A6202D1F55FB54007DD398 /* Bass.caf */ = {isa = PBXFileReference; lastKnownFileType = file; path = Bass.caf; sourceTree = "<group>"; };
		17A6202E1F55FB54007DD398 /* Guitar 1.caf */ = {isa = PBXFileReference; lastKnownFileType = file; path = "Guitar 1.caf"; sourceTree = "<group>"; };
		17A6202F1F55FB54007DD398 /* Guitar 2.caf */ = {isa = PBXFileReference; lastKnownFileType = file; path = "Guitar 2.caf"; sourceTree = "<group>"; };
		83EE77E4809CAFCC42793887 /* libPods-AudioEffectDemo.a */ = {isa = PBXFileReference; explicitFileType = archive.ar; includeInIndex = 0; path = "libPods-AudioEffectDemo.a"; sourceTree = BUILT_PRODUCTS_DIR; };
		AC88AE456125B7127EE6EAC2 /* Pods-AudioEffectDemo.release.xcconfig */ = {isa = PBXFileReference; includeInIndex = 1; lastKnownFileType = text.xcconfig; name = "Pods-AudioEffectDemo.release.xcconfig"; path = "Pods/Target Support Files/Pods-AudioEffectDemo/Pods-AudioEffectDemo.release.xcconfig"; sourceTree = "<group>"; };
		D448C28DFA18801B5ADD416C /* Pods-AudioEffectDemo.debug.xcconfig */ = {isa = PBXFileReference; includeInIndex = 1; lastKnownFileType = text.xcconfig; name = "Pods-AudioEffectDemo.debug.xcconfig"; path = "Pods/Target Support Files/Pods-AudioEffectDemo/Pods-AudioEffectDemo.debug.xcconfig"; sourceTree = "<group>"; };
		E868644A1D75B5E400DE35C6 /* AudioEffectDemo.app */ = {isa = PBXFileReference; explicitFileType = wrapper.application; includeInIndex = 0; path = AudioEffectDemo.app; sourceTree = BUILT_PRODUCTS_DIR; };
		E868644E1D75B5E400DE35C6 /* main.m */ = {isa = PBXFileReference; lastKnownFileType = sourcecode.c.objc; path = main.m; sourceTree = "<group>"; };
		E86864501D75B5E400DE35C6 /* AppDelegate.h */ = {isa = PBXFileReference; lastKnownFileType = sourcecode.c.h; path = AppDelegate.h; sourceTree = "<group>"; };
		E86864511D75B5E400DE35C6 /* AppDelegate.m */ = {isa = PBXFileReference; lastKnownFileType = sourcecode.c.objc; path = AppDelegate.m; sourceTree = "<group>"; };
		E86864531D75B5E400DE35C6 /* ViewController.h */ = {isa = PBXFileReference; lastKnownFileType = sourcecode.c.h; path = ViewController.h; sourceTree = "<group>"; };
		E86864541D75B5E400DE35C6 /* ViewController.m */ = {isa = PBXFileReference; lastKnownFileType = sourcecode.c.objc; path = ViewController.m; sourceTree = "<group>"; };
		E86864591D75B5E400DE35C6 /* Assets.xcassets */ = {isa = PBXFileReference; lastKnownFileType = folder.assetcatalog; path = Assets.xcassets; sourceTree = "<group>"; };
		E868645C1D75B5E400DE35C6 /* Base */ = {isa = PBXFileReference; lastKnownFileType = file.storyboard; name = Base; path = Base.lproj/LaunchScreen.storyboard; sourceTree = "<group>"; };
		E868645E1D75B5E400DE35C6 /* Info.plist */ = {isa = PBXFileReference; lastKnownFileType = text.plist.xml; path = Info.plist; sourceTree = "<group>"; };
/* End PBXFileReference section */

/* Begin PBXFrameworksBuildPhase section */
		E86864471D75B5E400DE35C6 /* Frameworks */ = {
			isa = PBXFrameworksBuildPhase;
			buildActionMask = 2147483647;
			files = (
				3DDECA7008CA437064E2FDA4 /* libPods-AudioEffectDemo.a in Frameworks */,
			);
			runOnlyForDeploymentPostprocessing = 0;
		};
/* End PBXFrameworksBuildPhase section */

/* Begin PBXGroup section */
		0213C568781B977E82096C0D /* Frameworks */ = {
			isa = PBXGroup;
			children = (
				83EE77E4809CAFCC42793887 /* libPods-AudioEffectDemo.a */,
			);
			name = Frameworks;
			sourceTree = "<group>";
		};
		17A6201E1F55FB54007DD398 /* Sounds */ = {
			isa = PBXGroup;
			children = (
				17A6201F1F55FB54007DD398 /* Strings (Middle).caf */,
				17A620201F55FB54007DD398 /* Finger Snaps, Vocal Bits.caf */,
				17A620211F55FB54007DD398 /* Vibes.caf */,
				17A620221F55FB54007DD398 /* Piano.caf */,
				17A620231F55FB54007DD398 /* Lead Vocals 1.caf */,
				17A620241F55FB54007DD398 /* Lead Vocals 2.caf */,
				17A620251F55FB54007DD398 /* Background Vocals.caf */,
				17A620261F55FB54007DD398 /* Saxophone.caf */,
				17A620271F55FB54007DD398 /* Strings (Right Channel).caf */,
				17A620281F55FB54007DD398 /* Drum Kit 2.caf */,
				17A620291F55FB54007DD398 /* Strings (Left Channel).caf */,
				17A6202A1F55FB54007DD398 /* Drum Kit 1.caf */,
				17A6202B1F55FB54007DD398 /* text.txt */,
				17A6202C1F55FB54007DD398 /* Percussion.caf */,
				17A6202D1F55FB54007DD398 /* Bass.caf */,
				17A6202E1F55FB54007DD398 /* Guitar 1.caf */,
				17A6202F1F55FB54007DD398 /* Guitar 2.caf */,
			);
			path = Sounds;
			sourceTree = "<group>";
		};
		57A53699A1C74BD76D2E96EC /* Pods */ = {
			isa = PBXGroup;
			children = (
				D448C28DFA18801B5ADD416C /* Pods-AudioEffectDemo.debug.xcconfig */,
				AC88AE456125B7127EE6EAC2 /* Pods-AudioEffectDemo.release.xcconfig */,
			);
			name = Pods;
			sourceTree = "<group>";
		};
		E86864411D75B5E400DE35C6 = {
			isa = PBXGroup;
			children = (
				E868644C1D75B5E400DE35C6 /* AudioEffectDemo */,
				E868644B1D75B5E400DE35C6 /* Products */,
				57A53699A1C74BD76D2E96EC /* Pods */,
				0213C568781B977E82096C0D /* Frameworks */,
			);
			sourceTree = "<group>";
		};
		E868644B1D75B5E400DE35C6 /* Products */ = {
			isa = PBXGroup;
			children = (
				E868644A1D75B5E400DE35C6 /* AudioEffectDemo.app */,
			);
			name = Products;
			sourceTree = "<group>";
		};
		E868644C1D75B5E400DE35C6 /* AudioEffectDemo */ = {
			isa = PBXGroup;
			children = (
				17A6201E1F55FB54007DD398 /* Sounds */,
				17A61FFA1F55F5B0007DD398 /* CellData.h */,
				17A61FFB1F55F5B0007DD398 /* CellData.m */,
				17A61FF71F55F46D007DD398 /* TPOscilloscopeLayer.h */,
				17A61FF81F55F46D007DD398 /* TPOscilloscopeLayer.m */,
				E86864501D75B5E400DE35C6 /* AppDelegate.h */,
				E86864511D75B5E400DE35C6 /* AppDelegate.m */,
				E86864531D75B5E400DE35C6 /* ViewController.h */,
				E86864541D75B5E400DE35C6 /* ViewController.m */,
				E86864591D75B5E400DE35C6 /* Assets.xcassets */,
				E868645B1D75B5E400DE35C6 /* LaunchScreen.storyboard */,
				E868645E1D75B5E400DE35C6 /* Info.plist */,
				E868644D1D75B5E400DE35C6 /* Supporting Files */,
			);
			path = AudioEffectDemo;
			sourceTree = "<group>";
		};
		E868644D1D75B5E400DE35C6 /* Supporting Files */ = {
			isa = PBXGroup;
			children = (
				17A61F9C1F55F2CF007DD398 /* 87035_1332467-lq.mp3 */,
				17A61F9D1F55F2CF007DD398 /* 123094_103319-lq.mp3 */,
				17A61F9E1F55F2CF007DD398 /* 123096_103319-lq.mp3 */,
				17A61F9F1F55F2CF007DD398 /* 123104_103319-lq.mp3 */,
				17A61FA01F55F2CF007DD398 /* 123108_103319-lq.mp3 */,
				17A61FA11F55F2CF007DD398 /* 123111_103319-lq.mp3 */,
				E868644E1D75B5E400DE35C6 /* main.m */,
			);
			name = "Supporting Files";
			sourceTree = "<group>";
		};
/* End PBXGroup section */

/* Begin PBXNativeTarget section */
		E86864491D75B5E400DE35C6 /* AudioEffectDemo */ = {
			isa = PBXNativeTarget;
			buildConfigurationList = E86864611D75B5E400DE35C6 /* Build configuration list for PBXNativeTarget "AudioEffectDemo" */;
			buildPhases = (
				81E9B651E453EE54A840D52B /* [CP] Check Pods Manifest.lock */,
				E86864461D75B5E400DE35C6 /* Sources */,
				E86864471D75B5E400DE35C6 /* Frameworks */,
				E86864481D75B5E400DE35C6 /* Resources */,
				D7B26BF0440E47AE5DF99FBA /* [CP] Embed Pods Frameworks */,
				468523562A14D7F73AC9AF3A /* [CP] Copy Pods Resources */,
			);
			buildRules = (
			);
			dependencies = (
			);
			name = AudioEffectDemo;
			productName = AudioEffectDemo;
			productReference = E868644A1D75B5E400DE35C6 /* AudioEffectDemo.app */;
			productType = "com.apple.product-type.application";
		};
/* End PBXNativeTarget section */

/* Begin PBXProject section */
		E86864421D75B5E400DE35C6 /* Project object */ = {
			isa = PBXProject;
			attributes = {
				LastUpgradeCheck = 0730;
				ORGANIZATIONNAME = "李银涛";
				TargetAttributes = {
					E86864491D75B5E400DE35C6 = {
						CreatedOnToolsVersion = 7.3.1;
						DevelopmentTeam = KL43C67G5Z;
					};
				};
			};
			buildConfigurationList = E86864451D75B5E400DE35C6 /* Build configuration list for PBXProject "AudioEffectDemo" */;
			compatibilityVersion = "Xcode 3.2";
			developmentRegion = English;
			hasScannedForEncodings = 0;
			knownRegions = (
				en,
				Base,
			);
			mainGroup = E86864411D75B5E400DE35C6;
			productRefGroup = E868644B1D75B5E400DE35C6 /* Products */;
			projectDirPath = "";
			projectRoot = "";
			targets = (
				E86864491D75B5E400DE35C6 /* AudioEffectDemo */,
			);
		};
/* End PBXProject section */

/* Begin PBXResourcesBuildPhase section */
		E86864481D75B5E400DE35C6 /* Resources */ = {
			isa = PBXResourcesBuildPhase;
			buildActionMask = 2147483647;
			files = (
				17A620331F55FB54007DD398 /* Piano.caf in Resources */,
				17A61FA21F55F2CF007DD398 /* 87035_1332467-lq.mp3 in Resources */,
				E868645D1D75B5E400DE35C6 /* LaunchScreen.storyboard in Resources */,
				17A61FA71F55F2CF007DD398 /* 123111_103319-lq.mp3 in Resources */,
				17A620341F55FB54007DD398 /* Lead Vocals 1.caf in Resources */,
				17A620351F55FB54007DD398 /* Lead Vocals 2.caf in Resources */,
				17A61FA31F55F2CF007DD398 /* 123094_103319-lq.mp3 in Resources */,
				17A6203C1F55FB54007DD398 /* text.txt in Resources */,
				17A6203B1F55FB54007DD398 /* Drum Kit 1.caf in Resources */,
				17A620361F55FB54007DD398 /* Background Vocals.caf in Resources */,
				17A6203E1F55FB54007DD398 /* Bass.caf in Resources */,
				17A61FA61F55F2CF007DD398 /* 123108_103319-lq.mp3 in Resources */,
				17A620311F55FB54007DD398 /* Finger Snaps, Vocal Bits.caf in Resources */,
				17A620391F55FB54007DD398 /* Drum Kit 2.caf in Resources */,
				17A6203D1F55FB54007DD398 /* Percussion.caf in Resources */,
				17A620371F55FB54007DD398 /* Saxophone.caf in Resources */,
				E868645A1D75B5E400DE35C6 /* Assets.xcassets in Resources */,
				17A6203F1F55FB54007DD398 /* Guitar 1.caf in Resources */,
				17A620301F55FB54007DD398 /* Strings (Middle).caf in Resources */,
				17A620321F55FB54007DD398 /* Vibes.caf in Resources */,
				17A6203A1F55FB54007DD398 /* Strings (Left Channel).caf in Resources */,
				17A61FA51F55F2CF007DD398 /* 123104_103319-lq.mp3 in Resources */,
				17A620381F55FB54007DD398 /* Strings (Right Channel).caf in Resources */,
				17A61FA41F55F2CF007DD398 /* 123096_103319-lq.mp3 in Resources */,
				17A620401F55FB54007DD398 /* Guitar 2.caf in Resources */,
			);
			runOnlyForDeploymentPostprocessing = 0;
		};
/* End PBXResourcesBuildPhase section */

/* Begin PBXShellScriptBuildPhase section */
		468523562A14D7F73AC9AF3A /* [CP] Copy Pods Resources */ = {
			isa = PBXShellScriptBuildPhase;
			buildActionMask = 2147483647;
			files = (
			);
			inputPaths = (
			);
			name = "[CP] Copy Pods Resources";
			outputPaths = (
			);
			runOnlyForDeploymentPostprocessing = 0;
			shellPath = /bin/sh;
			shellScript = "\"${SRCROOT}/Pods/Target Support Files/Pods-AudioEffectDemo/Pods-AudioEffectDemo-resources.sh\"\n";
			showEnvVarsInLog = 0;
		};
		81E9B651E453EE54A840D52B /* [CP] Check Pods Manifest.lock */ = {
			isa = PBXShellScriptBuildPhase;
			buildActionMask = 2147483647;
			files = (
			);
			inputPaths = (
				"${PODS_PODFILE_DIR_PATH}/Podfile.lock",
				"${PODS_ROOT}/Manifest.lock",
			);
			name = "[CP] Check Pods Manifest.lock";
			outputPaths = (
				"$(DERIVED_FILE_DIR)/Pods-AudioEffectDemo-checkManifestLockResult.txt",
			);
			runOnlyForDeploymentPostprocessing = 0;
			shellPath = /bin/sh;
			shellScript = "diff \"${PODS_PODFILE_DIR_PATH}/Podfile.lock\" \"${PODS_ROOT}/Manifest.lock\" > /dev/null\nif [ $? != 0 ] ; then\n    # print error to STDERR\n    echo \"error: The sandbox is not in sync with the Podfile.lock. Run 'pod install' or update your CocoaPods installation.\" >&2\n    exit 1\nfi\n# This output is used by Xcode 'outputs' to avoid re-running this script phase.\necho \"SUCCESS\" > \"${SCRIPT_OUTPUT_FILE_0}\"\n";
			showEnvVarsInLog = 0;
		};
		D7B26BF0440E47AE5DF99FBA /* [CP] Embed Pods Frameworks */ = {
			isa = PBXShellScriptBuildPhase;
			buildActionMask = 2147483647;
			files = (
			);
			inputPaths = (
			);
			name = "[CP] Embed Pods Frameworks";
			outputPaths = (
			);
			runOnlyForDeploymentPostprocessing = 0;
			shellPath = /bin/sh;
			shellScript = "\"${SRCROOT}/Pods/Target Support Files/Pods-AudioEffectDemo/Pods-AudioEffectDemo-frameworks.sh\"\n";
			showEnvVarsInLog = 0;
		};
/* End PBXShellScriptBuildPhase section */

/* Begin PBXSourcesBuildPhase section */
		E86864461D75B5E400DE35C6 /* Sources */ = {
			isa = PBXSourcesBuildPhase;
			buildActionMask = 2147483647;
			files = (
				17A61FF91F55F46D007DD398 /* TPOscilloscopeLayer.m in Sources */,
				E86864551D75B5E400DE35C6 /* ViewController.m in Sources */,
				17A61FFC1F55F5B0007DD398 /* CellData.m in Sources */,
				E86864521D75B5E400DE35C6 /* AppDelegate.m in Sources */,
				E868644F1D75B5E400DE35C6 /* main.m in Sources */,
			);
			runOnlyForDeploymentPostprocessing = 0;
		};
/* End PBXSourcesBuildPhase section */

/* Begin PBXVariantGroup section */
		E868645B1D75B5E400DE35C6 /* LaunchScreen.storyboard */ = {
			isa = PBXVariantGroup;
			children = (
				E868645C1D75B5E400DE35C6 /* Base */,
			);
			name = LaunchScreen.storyboard;
			sourceTree = "<group>";
		};
/* End PBXVariantGroup section */

/* Begin XCBuildConfiguration section */
		E868645F1D75B5E400DE35C6 /* Debug */ = {
			isa = XCBuildConfiguration;
			buildSettings = {
				ALWAYS_SEARCH_USER_PATHS = NO;
				CLANG_ANALYZER_NONNULL = YES;
				CLANG_CXX_LANGUAGE_STANDARD = "gnu++0x";
				CLANG_CXX_LIBRARY = "libc++";
				CLANG_ENABLE_MODULES = YES;
				CLANG_ENABLE_OBJC_ARC = YES;
				CLANG_WARN_BOOL_CONVERSION = YES;
				CLANG_WARN_CONSTANT_CONVERSION = YES;
				CLANG_WARN_DIRECT_OBJC_ISA_USAGE = YES_ERROR;
				CLANG_WARN_EMPTY_BODY = YES;
				CLANG_WARN_ENUM_CONVERSION = YES;
				CLANG_WARN_INT_CONVERSION = YES;
				CLANG_WARN_OBJC_ROOT_CLASS = YES_ERROR;
				CLANG_WARN_UNREACHABLE_CODE = YES;
				CLANG_WARN__DUPLICATE_METHOD_MATCH = YES;
				"CODE_SIGN_IDENTITY[sdk=iphoneos*]" = "iPhone Developer";
				COPY_PHASE_STRIP = NO;
				DEBUG_INFORMATION_FORMAT = dwarf;
				ENABLE_STRICT_OBJC_MSGSEND = YES;
				ENABLE_TESTABILITY = YES;
				GCC_C_LANGUAGE_STANDARD = gnu99;
				GCC_DYNAMIC_NO_PIC = NO;
				GCC_NO_COMMON_BLOCKS = YES;
				GCC_OPTIMIZATION_LEVEL = 0;
				GCC_PREPROCESSOR_DEFINITIONS = (
					"DEBUG=1",
					"$(inherited)",
				);
				GCC_WARN_64_TO_32_BIT_CONVERSION = YES;
				GCC_WARN_ABOUT_RETURN_TYPE = YES_ERROR;
				GCC_WARN_UNDECLARED_SELECTOR = YES;
				GCC_WARN_UNINITIALIZED_AUTOS = YES_AGGRESSIVE;
				GCC_WARN_UNUSED_FUNCTION = YES;
				GCC_WARN_UNUSED_VARIABLE = YES;
				IPHONEOS_DEPLOYMENT_TARGET = 9.3;
				MTL_ENABLE_DEBUG_INFO = YES;
				ONLY_ACTIVE_ARCH = YES;
				SDKROOT = iphoneos;
				TARGETED_DEVICE_FAMILY = "1,2";
			};
			name = Debug;
		};
		E86864601D75B5E400DE35C6 /* Release */ = {
			isa = XCBuildConfiguration;
			buildSettings = {
				ALWAYS_SEARCH_USER_PATHS = NO;
				CLANG_ANALYZER_NONNULL = YES;
				CLANG_CXX_LANGUAGE_STANDARD = "gnu++0x";
				CLANG_CXX_LIBRARY = "libc++";
				CLANG_ENABLE_MODULES = YES;
				CLANG_ENABLE_OBJC_ARC = YES;
				CLANG_WARN_BOOL_CONVERSION = YES;
				CLANG_WARN_CONSTANT_CONVERSION = YES;
				CLANG_WARN_DIRECT_OBJC_ISA_USAGE = YES_ERROR;
				CLANG_WARN_EMPTY_BODY = YES;
				CLANG_WARN_ENUM_CONVERSION = YES;
				CLANG_WARN_INT_CONVERSION = YES;
				CLANG_WARN_OBJC_ROOT_CLASS = YES_ERROR;
				CLANG_WARN_UNREACHABLE_CODE = YES;
				CLANG_WARN__DUPLICATE_METHOD_MATCH = YES;
				"CODE_SIGN_IDENTITY[sdk=iphoneos*]" = "iPhone Developer";
				COPY_PHASE_STRIP = NO;
				DEBUG_INFORMATION_FORMAT = "dwarf-with-dsym";
				ENABLE_NS_ASSERTIONS = NO;
				ENABLE_STRICT_OBJC_MSGSEND = YES;
				GCC_C_LANGUAGE_STANDARD = gnu99;
				GCC_NO_COMMON_BLOCKS = YES;
				GCC_WARN_64_TO_32_BIT_CONVERSION = YES;
				GCC_WARN_ABOUT_RETURN_TYPE = YES_ERROR;
				GCC_WARN_UNDECLARED_SELECTOR = YES;
				GCC_WARN_UNINITIALIZED_AUTOS = YES_AGGRESSIVE;
				GCC_WARN_UNUSED_FUNCTION = YES;
				GCC_WARN_UNUSED_VARIABLE = YES;
				IPHONEOS_DEPLOYMENT_TARGET = 9.3;
				MTL_ENABLE_DEBUG_INFO = NO;
				SDKROOT = iphoneos;
				TARGETED_DEVICE_FAMILY = "1,2";
				VALIDATE_PRODUCT = YES;
			};
			name = Release;
		};
		E86864621D75B5E400DE35C6 /* Debug */ = {
			isa = XCBuildConfiguration;
			baseConfigurationReference = D448C28DFA18801B5ADD416C /* Pods-AudioEffectDemo.debug.xcconfig */;
			buildSettings = {
				ASSETCATALOG_COMPILER_APPICON_NAME = AppIcon;
				CODE_SIGN_IDENTITY = "iPhone Developer";
				"CODE_SIGN_IDENTITY[sdk=iphoneos*]" = "iPhone Developer";
				DEVELOPMENT_TEAM = KL43C67G5Z;
				INFOPLIST_FILE = AudioEffectDemo/Info.plist;
				LD_RUNPATH_SEARCH_PATHS = "$(inherited) @executable_path/Frameworks";
				PRODUCT_BUNDLE_IDENTIFIER = com.liyintao.iron.AudioEffectDemo;
				PRODUCT_NAME = "$(TARGET_NAME)";
				PROVISIONING_PROFILE = "";
			};
			name = Debug;
		};
		E86864631D75B5E400DE35C6 /* Release */ = {
			isa = XCBuildConfiguration;
			baseConfigurationReference = AC88AE456125B7127EE6EAC2 /* Pods-AudioEffectDemo.release.xcconfig */;
			buildSettings = {
				ASSETCATALOG_COMPILER_APPICON_NAME = AppIcon;
				CODE_SIGN_IDENTITY = "iPhone Developer";
				"CODE_SIGN_IDENTITY[sdk=iphoneos*]" = "iPhone Developer";
				DEVELOPMENT_TEAM = KL43C67G5Z;
				INFOPLIST_FILE = AudioEffectDemo/Info.plist;
				LD_RUNPATH_SEARCH_PATHS = "$(inherited) @executable_path/Frameworks";
				PRODUCT_BUNDLE_IDENTIFIER = com.liyintao.iron.AudioEffectDemo;
				PRODUCT_NAME = "$(TARGET_NAME)";
				PROVISIONING_PROFILE = "";
			};
			name = Release;
		};
/* End XCBuildConfiguration section */

/* Begin XCConfigurationList section */
		E86864451D75B5E400DE35C6 /* Build configuration list for PBXProject "AudioEffectDemo" */ = {
			isa = XCConfigurationList;
			buildConfigurations = (
				E868645F1D75B5E400DE35C6 /* Debug */,
				E86864601D75B5E400DE35C6 /* Release */,
			);
			defaultConfigurationIsVisible = 0;
			defaultConfigurationName = Release;
		};
		E86864611D75B5E400DE35C6 /* Build configuration list for PBXNativeTarget "AudioEffectDemo" */ = {
			isa = XCConfigurationList;
			buildConfigurations = (
				E86864621D75B5E400DE35C6 /* Debug */,
				E86864631D75B5E400DE35C6 /* Release */,
			);
			defaultConfigurationIsVisible = 0;
			defaultConfigurationName = Release;
		};
/* End XCConfigurationList section */
	};
	rootObject = E86864421D75B5E400DE35C6 /* Project object */;
}
